
Microsoft Visual Studio Solution File, Format Version 12.00
# Visual Studio Version 16
VisualStudioVersion = 16.0.31829.152
MinimumVisualStudioVersion = 10.0.40219.1
Project("{2150E333-8FDC-42A3-9474-1A3956D46DE8}") = "Account", "Account", "{A2121104-D2FD-4632-8C9A-A6B9FC0326D9}"
EndProject
Project("{9A19103F-16F7-4668-BE54-9A1E7A4F7556}") = "Account.Application", "Account.Application\Account.Application.csproj", "{E8DBC73F-4C1E-4FD6-9867-1FAD6A3023CD}"
EndProject
Project("{9A19103F-16F7-4668-BE54-9A1E7A4F7556}") = "Account.Domain", "Account.Domain\Account.Domain.csproj", "{B9C86729-D31E-42AE-AD72-F56A8ED8550E}"
EndProject
Project("{9A19103F-16F7-4668-BE54-9A1E7A4F7556}") = "Account.API", "Account.API\Account.API.csproj", "{8FDF0522-4CE8-4078-ABF9-BFC3C1F3104F}"
EndProject
Project("{2150E333-8FDC-42A3-9474-1A3956D46DE8}") = "Utils", "Utils", "{5BFC8B23-7AED-4AC2-B67A-6E12EAC703FE}"
EndProject
Project("{9A19103F-16F7-4668-BE54-9A1E7A4F7556}") = "UnitOfWork", "UnitOfWork\UnitOfWork.csproj", "{77FD4F7E-3170-4CAE-817D-D87065CC585F}"
EndProject
Project("{9A19103F-16F7-4668-BE54-9A1E7A4F7556}") = "Utils", "Utils\Utils.csproj", "{7DBB18B9-2401-4643-9F1B-4A6A31CB0EA9}"
EndProject
Project("{2150E333-8FDC-42A3-9474-1A3956D46DE8}") = "Album", "Album", "{9B9954DE-0C01-4E7B-807C-E23B63845445}"
EndProject
Project("{9A19103F-16F7-4668-BE54-9A1E7A4F7556}") = "Album.API", "Album.API\Album.API.csproj", "{D63C20EB-2908-443F-B637-C7A80170EADF}"
EndProject
Project("{9A19103F-16F7-4668-BE54-9A1E7A4F7556}") = "Album.Application", "Album.Application\Album.Application.csproj", "{015859FC-EB2D-499B-83F1-B65D0FB754A7}"
EndProject
Project("{9A19103F-16F7-4668-BE54-9A1E7A4F7556}") = "Album.Domain", "Album.Domain\Album.Domain.csproj", "{13624E03-7F06-4F79-AAE3-97A8F7578931}"
EndProject
Project("{9A19103F-16F7-4668-BE54-9A1E7A4F7556}") = "Album.Infrastructure", "Album.Infrastructure\Album.Infrastructure.csproj", "{9DFBD370-D557-48D4-9A0E-8C8BF2A5BD6A}"
EndProject
Project("{2150E333-8FDC-42A3-9474-1A3956D46DE8}") = "Envoy", "Envoy", "{AD885344-22D3-411D-A542-A00B05DA6B82}"
	ProjectSection(SolutionItems) = preProject
		_Envoy\Dockerfile = _Envoy\Dockerfile
		_Envoy\envoy.yaml = _Envoy\envoy.yaml
		_Envoy\https.crt = _Envoy\https.crt
		_Envoy\key.pem = _Envoy\key.pem
	EndProjectSection
EndProject
Project("{2150E333-8FDC-42A3-9474-1A3956D46DE8}") = "Compose", "Compose", "{F0A2233F-17B6-494F-82A0-8791E5725BD0}"
	ProjectSection(SolutionItems) = preProject
		.dockerignore = .dockerignore
		docker-compose.yaml = docker-compose.yaml
		README.md = README.md
	EndProjectSection
EndProject
Project("{2150E333-8FDC-42A3-9474-1A3956D46DE8}") = "Assessment", "Assessment", "{8E2A2907-DFDD-4C7B-9B14-E909E53C0D8C}"
EndProject
Project("{2150E333-8FDC-42A3-9474-1A3956D46DE8}") = "Product", "Product", "{A24AC27C-B966-45E2-B96D-A9315170A584}"
EndProject
Project("{2150E333-8FDC-42A3-9474-1A3956D46DE8}") = "System", "System", "{A414E84E-4A63-4B0B-999B-C2A02FCB7E8E}"
EndProject
Project("{2150E333-8FDC-42A3-9474-1A3956D46DE8}") = "1.APIGateway", "1.APIGateway", "{61D01A25-597B-42B8-9D83-F312EE484CA7}"
EndProject
Project("{2150E333-8FDC-42A3-9474-1A3956D46DE8}") = "2.Service", "2.Service", "{C4D7F3F3-F7D0-412C-A6D6-E35C50CC134F}"
EndProject
Project("{2150E333-8FDC-42A3-9474-1A3956D46DE8}") = "3.Infrastructure", "3.Infrastructure", "{EAD11F75-E2E2-4F94-BA20-49DA728BFF46}"
EndProject
Project("{2150E333-8FDC-42A3-9474-1A3956D46DE8}") = "4.RabbitMQ", "4.RabbitMQ", "{A3500F8E-A41F-4CF2-9784-DC80E1D9EE7C}"
EndProject
Project("{2150E333-8FDC-42A3-9474-1A3956D46DE8}") = "DockerHttps", "DockerHttps", "{60AB27E1-383F-44D5-86FD-9236EBF18D86}"
	ProjectSection(SolutionItems) = preProject
		_Micro\README.md = _Micro\README.md
	EndProjectSection
EndProject
Project("{9A19103F-16F7-4668-BE54-9A1E7A4F7556}") = "Assessment.Application", "Assessment.Application\Assessment.Application.csproj", "{91F1E5E5-27B0-4565-910D-AEC67A915680}"
EndProject
Project("{9A19103F-16F7-4668-BE54-9A1E7A4F7556}") = "Assessment.Infrastructure", "Assessment.Infrastructure\Assessment.Infrastructure.csproj", "{979F8226-6B8D-4AE2-A4C7-E0019B0FEF7F}"
EndProject
Project("{9A19103F-16F7-4668-BE54-9A1E7A4F7556}") = "Assessment.Domain", "Assessment.Domain\Assessment.Domain.csproj", "{4F67537C-1A5A-4EAF-B0CE-FF2FCB73B5F9}"
EndProject
Project("{2150E333-8FDC-42A3-9474-1A3956D46DE8}") = "Supplier", "Supplier", "{CB1A6BFE-A6C5-4E4F-9E72-EEB486E23DBB}"
EndProject
Project("{9A19103F-16F7-4668-BE54-9A1E7A4F7556}") = "Product.Application", "Product.Application\Product.Application.csproj", "{8139201B-BB36-4BD6-A1C7-9B0C37289BB9}"
EndProject
Project("{9A19103F-16F7-4668-BE54-9A1E7A4F7556}") = "Product.Domain", "Product.Domain\Product.Domain.csproj", "{4B88296E-6D6B-4756-A655-5618DEB8D9A9}"
EndProject
Project("{9A19103F-16F7-4668-BE54-9A1E7A4F7556}") = "Product.Infrastructure", "Product.Infrastructure\Product.Infrastructure.csproj", "{3117B480-A83E-4147-A205-813AF3BFD89B}"
EndProject
Project("{9A19103F-16F7-4668-BE54-9A1E7A4F7556}") = "Supplier.Application", "Supplier.Application\Supplier.Application.csproj", "{0AC8249C-AC5E-4CB4-81FB-2F63314204D6}"
EndProject
Project("{9A19103F-16F7-4668-BE54-9A1E7A4F7556}") = "Supplier.Domain", "Supplier.Domain\Supplier.Domain.csproj", "{4FB588A4-4A30-4ACF-886C-94EE7225D5D0}"
EndProject
Project("{9A19103F-16F7-4668-BE54-9A1E7A4F7556}") = "Supplier.Infrastructure", "Supplier.Infrastructure\Supplier.Infrastructure.csproj", "{FBE9B0EF-BCDE-4334-828E-2F58313D109B}"
EndProject
Project("{9A19103F-16F7-4668-BE54-9A1E7A4F7556}") = "System.Application", "System.Application\System.Application.csproj", "{FE80BB2C-2CCA-45CE-9C03-18F584337F73}"
EndProject
Project("{9A19103F-16F7-4668-BE54-9A1E7A4F7556}") = "System.Domain", "System.Domain\System.Domain.csproj", "{4CE32F18-1941-4D56-BDE4-A7C400ED7252}"
EndProject
Project("{9A19103F-16F7-4668-BE54-9A1E7A4F7556}") = "System.Infrastructure", "System.Infrastructure\System.Infrastructure.csproj", "{A48B7DB4-B82B-479C-84DB-E817F68799CD}"
EndProject
Project("{9A19103F-16F7-4668-BE54-9A1E7A4F7556}") = "Account.Infrastructure", "Account.Infrastructure\Account.Infrastructure.csproj", "{97B8C492-BD2C-471E-AD52-4DFF168E0098}"
EndProject
Global
	GlobalSection(SolutionConfigurationPlatforms) = preSolution
		Debug|Any CPU = Debug|Any CPU
		Release|Any CPU = Release|Any CPU
	EndGlobalSection
	GlobalSection(ProjectConfigurationPlatforms) = postSolution
		{E8DBC73F-4C1E-4FD6-9867-1FAD6A3023CD}.Debug|Any CPU.ActiveCfg = Debug|Any CPU
		{E8DBC73F-4C1E-4FD6-9867-1FAD6A3023CD}.Debug|Any CPU.Build.0 = Debug|Any CPU
		{E8DBC73F-4C1E-4FD6-9867-1FAD6A3023CD}.Release|Any CPU.ActiveCfg = Release|Any CPU
		{E8DBC73F-4C1E-4FD6-9867-1FAD6A3023CD}.Release|Any CPU.Build.0 = Release|Any CPU
		{B9C86729-D31E-42AE-AD72-F56A8ED8550E}.Debug|Any CPU.ActiveCfg = Debug|Any CPU
		{B9C86729-D31E-42AE-AD72-F56A8ED8550E}.Debug|Any CPU.Build.0 = Debug|Any CPU
		{B9C86729-D31E-42AE-AD72-F56A8ED8550E}.Release|Any CPU.ActiveCfg = Release|Any CPU
		{B9C86729-D31E-42AE-AD72-F56A8ED8550E}.Release|Any CPU.Build.0 = Release|Any CPU
		{8FDF0522-4CE8-4078-ABF9-BFC3C1F3104F}.Debug|Any CPU.ActiveCfg = Debug|Any CPU
		{8FDF0522-4CE8-4078-ABF9-BFC3C1F3104F}.Debug|Any CPU.Build.0 = Debug|Any CPU
		{8FDF0522-4CE8-4078-ABF9-BFC3C1F3104F}.Release|Any CPU.ActiveCfg = Release|Any CPU
		{8FDF0522-4CE8-4078-ABF9-BFC3C1F3104F}.Release|Any CPU.Build.0 = Release|Any CPU
		{77FD4F7E-3170-4CAE-817D-D87065CC585F}.Debug|Any CPU.ActiveCfg = Debug|Any CPU
		{77FD4F7E-3170-4CAE-817D-D87065CC585F}.Debug|Any CPU.Build.0 = Debug|Any CPU
		{77FD4F7E-3170-4CAE-817D-D87065CC585F}.Release|Any CPU.ActiveCfg = Release|Any CPU
		{77FD4F7E-3170-4CAE-817D-D87065CC585F}.Release|Any CPU.Build.0 = Release|Any CPU
		{7DBB18B9-2401-4643-9F1B-4A6A31CB0EA9}.Debug|Any CPU.ActiveCfg = Debug|Any CPU
		{7DBB18B9-2401-4643-9F1B-4A6A31CB0EA9}.Debug|Any CPU.Build.0 = Debug|Any CPU
		{7DBB18B9-2401-4643-9F1B-4A6A31CB0EA9}.Release|Any CPU.ActiveCfg = Release|Any CPU
		{7DBB18B9-2401-4643-9F1B-4A6A31CB0EA9}.Release|Any CPU.Build.0 = Release|Any CPU
		{D63C20EB-2908-443F-B637-C7A80170EADF}.Debug|Any CPU.ActiveCfg = Debug|Any CPU
		{D63C20EB-2908-443F-B637-C7A80170EADF}.Debug|Any CPU.Build.0 = Debug|Any CPU
		{D63C20EB-2908-443F-B637-C7A80170EADF}.Release|Any CPU.ActiveCfg = Release|Any CPU
		{D63C20EB-2908-443F-B637-C7A80170EADF}.Release|Any CPU.Build.0 = Release|Any CPU
		{015859FC-EB2D-499B-83F1-B65D0FB754A7}.Debug|Any CPU.ActiveCfg = Debug|Any CPU
		{015859FC-EB2D-499B-83F1-B65D0FB754A7}.Debug|Any CPU.Build.0 = Debug|Any CPU
		{015859FC-EB2D-499B-83F1-B65D0FB754A7}.Release|Any CPU.ActiveCfg = Release|Any CPU
		{015859FC-EB2D-499B-83F1-B65D0FB754A7}.Release|Any CPU.Build.0 = Release|Any CPU
		{13624E03-7F06-4F79-AAE3-97A8F7578931}.Debug|Any CPU.ActiveCfg = Debug|Any CPU
		{13624E03-7F06-4F79-AAE3-97A8F7578931}.Debug|Any CPU.Build.0 = Debug|Any CPU
		{13624E03-7F06-4F79-AAE3-97A8F7578931}.Release|Any CPU.ActiveCfg = Release|Any CPU
		{13624E03-7F06-4F79-AAE3-97A8F7578931}.Release|Any CPU.Build.0 = Release|Any CPU
		{9DFBD370-D557-48D4-9A0E-8C8BF2A5BD6A}.Debug|Any CPU.ActiveCfg = Debug|Any CPU
		{9DFBD370-D557-48D4-9A0E-8C8BF2A5BD6A}.Debug|Any CPU.Build.0 = Debug|Any CPU
		{9DFBD370-D557-48D4-9A0E-8C8BF2A5BD6A}.Release|Any CPU.ActiveCfg = Release|Any CPU
		{9DFBD370-D557-48D4-9A0E-8C8BF2A5BD6A}.Release|Any CPU.Build.0 = Release|Any CPU
		{91F1E5E5-27B0-4565-910D-AEC67A915680}.Debug|Any CPU.ActiveCfg = Debug|Any CPU
		{91F1E5E5-27B0-4565-910D-AEC67A915680}.Debug|Any CPU.Build.0 = Debug|Any CPU
		{91F1E5E5-27B0-4565-910D-AEC67A915680}.Release|Any CPU.ActiveCfg = Release|Any CPU
		{91F1E5E5-27B0-4565-910D-AEC67A915680}.Release|Any CPU.Build.0 = Release|Any CPU
		{979F8226-6B8D-4AE2-A4C7-E0019B0FEF7F}.Debug|Any CPU.ActiveCfg = Debug|Any CPU
		{979F8226-6B8D-4AE2-A4C7-E0019B0FEF7F}.Debug|Any CPU.Build.0 = Debug|Any CPU
		{979F8226-6B8D-4AE2-A4C7-E0019B0FEF7F}.Release|Any CPU.ActiveCfg = Release|Any CPU
		{979F8226-6B8D-4AE2-A4C7-E0019B0FEF7F}.Release|Any CPU.Build.0 = Release|Any CPU
		{4F67537C-1A5A-4EAF-B0CE-FF2FCB73B5F9}.Debug|Any CPU.ActiveCfg = Debug|Any CPU
		{4F67537C-1A5A-4EAF-B0CE-FF2FCB73B5F9}.Debug|Any CPU.Build.0 = Debug|Any CPU
		{4F67537C-1A5A-4EAF-B0CE-FF2FCB73B5F9}.Release|Any CPU.ActiveCfg = Release|Any CPU
		{4F67537C-1A5A-4EAF-B0CE-FF2FCB73B5F9}.Release|Any CPU.Build.0 = Release|Any CPU
		{8139201B-BB36-4BD6-A1C7-9B0C37289BB9}.Debug|Any CPU.ActiveCfg = Debug|Any CPU
		{8139201B-BB36-4BD6-A1C7-9B0C37289BB9}.Debug|Any CPU.Build.0 = Debug|Any CPU
		{8139201B-BB36-4BD6-A1C7-9B0C37289BB9}.Release|Any CPU.ActiveCfg = Release|Any CPU
		{8139201B-BB36-4BD6-A1C7-9B0C37289BB9}.Release|Any CPU.Build.0 = Release|Any CPU
		{4B88296E-6D6B-4756-A655-5618DEB8D9A9}.Debug|Any CPU.ActiveCfg = Debug|Any CPU
		{4B88296E-6D6B-4756-A655-5618DEB8D9A9}.Debug|Any CPU.Build.0 = Debug|Any CPU
		{4B88296E-6D6B-4756-A655-5618DEB8D9A9}.Release|Any CPU.ActiveCfg = Release|Any CPU
		{4B88296E-6D6B-4756-A655-5618DEB8D9A9}.Release|Any CPU.Build.0 = Release|Any CPU
		{3117B480-A83E-4147-A205-813AF3BFD89B}.Debug|Any CPU.ActiveCfg = Debug|Any CPU
		{3117B480-A83E-4147-A205-813AF3BFD89B}.Debug|Any CPU.Build.0 = Debug|Any CPU
		{3117B480-A83E-4147-A205-813AF3BFD89B}.Release|Any CPU.ActiveCfg = Release|Any CPU
		{3117B480-A83E-4147-A205-813AF3BFD89B}.Release|Any CPU.Build.0 = Release|Any CPU
		{0AC8249C-AC5E-4CB4-81FB-2F63314204D6}.Debug|Any CPU.ActiveCfg = Debug|Any CPU
		{0AC8249C-AC5E-4CB4-81FB-2F63314204D6}.Debug|Any CPU.Build.0 = Debug|Any CPU
		{0AC8249C-AC5E-4CB4-81FB-2F63314204D6}.Release|Any CPU.ActiveCfg = Release|Any CPU
		{0AC8249C-AC5E-4CB4-81FB-2F63314204D6}.Release|Any CPU.Build.0 = Release|Any CPU
		{4FB588A4-4A30-4ACF-886C-94EE7225D5D0}.Debug|Any CPU.ActiveCfg = Debug|Any CPU
		{4FB588A4-4A30-4ACF-886C-94EE7225D5D0}.Debug|Any CPU.Build.0 = Debug|Any CPU
		{4FB588A4-4A30-4ACF-886C-94EE7225D5D0}.Release|Any CPU.ActiveCfg = Release|Any CPU
		{4FB588A4-4A30-4ACF-886C-94EE7225D5D0}.Release|Any CPU.Build.0 = Release|Any CPU
		{FBE9B0EF-BCDE-4334-828E-2F58313D109B}.Debug|Any CPU.ActiveCfg = Debug|Any CPU
		{FBE9B0EF-BCDE-4334-828E-2F58313D109B}.Debug|Any CPU.Build.0 = Debug|Any CPU
		{FBE9B0EF-BCDE-4334-828E-2F58313D109B}.Release|Any CPU.ActiveCfg = Release|Any CPU
		{FBE9B0EF-BCDE-4334-828E-2F58313D109B}.Release|Any CPU.Build.0 = Release|Any CPU
		{FE80BB2C-2CCA-45CE-9C03-18F584337F73}.Debug|Any CPU.ActiveCfg = Debug|Any CPU
		{FE80BB2C-2CCA-45CE-9C03-18F584337F73}.Debug|Any CPU.Build.0 = Debug|Any CPU
		{FE80BB2C-2CCA-45CE-9C03-18F584337F73}.Release|Any CPU.ActiveCfg = Release|Any CPU
		{FE80BB2C-2CCA-45CE-9C03-18F584337F73}.Release|Any CPU.Build.0 = Release|Any CPU
		{4CE32F18-1941-4D56-BDE4-A7C400ED7252}.Debug|Any CPU.ActiveCfg = Debug|Any CPU
		{4CE32F18-1941-4D56-BDE4-A7C400ED7252}.Debug|Any CPU.Build.0 = Debug|Any CPU
		{4CE32F18-1941-4D56-BDE4-A7C400ED7252}.Release|Any CPU.ActiveCfg = Release|Any CPU
		{4CE32F18-1941-4D56-BDE4-A7C400ED7252}.Release|Any CPU.Build.0 = Release|Any CPU
		{A48B7DB4-B82B-479C-84DB-E817F68799CD}.Debug|Any CPU.ActiveCfg = Debug|Any CPU
		{A48B7DB4-B82B-479C-84DB-E817F68799CD}.Debug|Any CPU.Build.0 = Debug|Any CPU
		{A48B7DB4-B82B-479C-84DB-E817F68799CD}.Release|Any CPU.ActiveCfg = Release|Any CPU
		{A48B7DB4-B82B-479C-84DB-E817F68799CD}.Release|Any CPU.Build.0 = Release|Any CPU
		{97B8C492-BD2C-471E-AD52-4DFF168E0098}.Debug|Any CPU.ActiveCfg = Debug|Any CPU
		{97B8C492-BD2C-471E-AD52-4DFF168E0098}.Debug|Any CPU.Build.0 = Debug|Any CPU
		{97B8C492-BD2C-471E-AD52-4DFF168E0098}.Release|Any CPU.ActiveCfg = Release|Any CPU
		{97B8C492-BD2C-471E-AD52-4DFF168E0098}.Release|Any CPU.Build.0 = Release|Any CPU
	EndGlobalSection
	GlobalSection(SolutionProperties) = preSolution
		HideSolutionNode = FALSE
	EndGlobalSection
	GlobalSection(NestedProjects) = preSolution
		{A2121104-D2FD-4632-8C9A-A6B9FC0326D9} = {C4D7F3F3-F7D0-412C-A6D6-E35C50CC134F}
		{E8DBC73F-4C1E-4FD6-9867-1FAD6A3023CD} = {A2121104-D2FD-4632-8C9A-A6B9FC0326D9}
		{B9C86729-D31E-42AE-AD72-F56A8ED8550E} = {A2121104-D2FD-4632-8C9A-A6B9FC0326D9}
		{8FDF0522-4CE8-4078-ABF9-BFC3C1F3104F} = {A2121104-D2FD-4632-8C9A-A6B9FC0326D9}
		{5BFC8B23-7AED-4AC2-B67A-6E12EAC703FE} = {EAD11F75-E2E2-4F94-BA20-49DA728BFF46}
		{77FD4F7E-3170-4CAE-817D-D87065CC585F} = {5BFC8B23-7AED-4AC2-B67A-6E12EAC703FE}
		{7DBB18B9-2401-4643-9F1B-4A6A31CB0EA9} = {5BFC8B23-7AED-4AC2-B67A-6E12EAC703FE}
		{9B9954DE-0C01-4E7B-807C-E23B63845445} = {C4D7F3F3-F7D0-412C-A6D6-E35C50CC134F}
		{D63C20EB-2908-443F-B637-C7A80170EADF} = {9B9954DE-0C01-4E7B-807C-E23B63845445}
		{015859FC-EB2D-499B-83F1-B65D0FB754A7} = {9B9954DE-0C01-4E7B-807C-E23B63845445}
		{13624E03-7F06-4F79-AAE3-97A8F7578931} = {9B9954DE-0C01-4E7B-807C-E23B63845445}
		{9DFBD370-D557-48D4-9A0E-8C8BF2A5BD6A} = {9B9954DE-0C01-4E7B-807C-E23B63845445}
		{AD885344-22D3-411D-A542-A00B05DA6B82} = {61D01A25-597B-42B8-9D83-F312EE484CA7}
		{F0A2233F-17B6-494F-82A0-8791E5725BD0} = {EAD11F75-E2E2-4F94-BA20-49DA728BFF46}
		{8E2A2907-DFDD-4C7B-9B14-E909E53C0D8C} = {C4D7F3F3-F7D0-412C-A6D6-E35C50CC134F}
		{A24AC27C-B966-45E2-B96D-A9315170A584} = {C4D7F3F3-F7D0-412C-A6D6-E35C50CC134F}
		{A414E84E-4A63-4B0B-999B-C2A02FCB7E8E} = {C4D7F3F3-F7D0-412C-A6D6-E35C50CC134F}
		{60AB27E1-383F-44D5-86FD-9236EBF18D86} = {61D01A25-597B-42B8-9D83-F312EE484CA7}
		{91F1E5E5-27B0-4565-910D-AEC67A915680} = {8E2A2907-DFDD-4C7B-9B14-E909E53C0D8C}
		{979F8226-6B8D-4AE2-A4C7-E0019B0FEF7F} = {8E2A2907-DFDD-4C7B-9B14-E909E53C0D8C}
		{4F67537C-1A5A-4EAF-B0CE-FF2FCB73B5F9} = {8E2A2907-DFDD-4C7B-9B14-E909E53C0D8C}
		{CB1A6BFE-A6C5-4E4F-9E72-EEB486E23DBB} = {C4D7F3F3-F7D0-412C-A6D6-E35C50CC134F}
		{8139201B-BB36-4BD6-A1C7-9B0C37289BB9} = {A24AC27C-B966-45E2-B96D-A9315170A584}
		{4B88296E-6D6B-4756-A655-5618DEB8D9A9} = {A24AC27C-B966-45E2-B96D-A9315170A584}
		{3117B480-A83E-4147-A205-813AF3BFD89B} = {A24AC27C-B966-45E2-B96D-A9315170A584}
		{0AC8249C-AC5E-4CB4-81FB-2F63314204D6} = {CB1A6BFE-A6C5-4E4F-9E72-EEB486E23DBB}
		{4FB588A4-4A30-4ACF-886C-94EE7225D5D0} = {CB1A6BFE-A6C5-4E4F-9E72-EEB486E23DBB}
		{FBE9B0EF-BCDE-4334-828E-2F58313D109B} = {CB1A6BFE-A6C5-4E4F-9E72-EEB486E23DBB}
		{FE80BB2C-2CCA-45CE-9C03-18F584337F73} = {A414E84E-4A63-4B0B-999B-C2A02FCB7E8E}
		{4CE32F18-1941-4D56-BDE4-A7C400ED7252} = {A414E84E-4A63-4B0B-999B-C2A02FCB7E8E}
		{A48B7DB4-B82B-479C-84DB-E817F68799CD} = {A414E84E-4A63-4B0B-999B-C2A02FCB7E8E}
		{97B8C492-BD2C-471E-AD52-4DFF168E0098} = {A2121104-D2FD-4632-8C9A-A6B9FC0326D9}
	EndGlobalSection
	GlobalSection(ExtensibilityGlobals) = postSolution
		SolutionGuid = {421B8923-8D4A-4E01-8AF5-D5A106A6F907}
	EndGlobalSection
EndGlobal
