
Microsoft Visual Studio Solution File, Format Version 12.00
# Visual Studio Version 16
VisualStudioVersion = 16.0.31829.152
MinimumVisualStudioVersion = 10.0.40219.1
Project("{2150E333-8FDC-42A3-9474-1A3956D46DE8}") = "Account", "Account", "{A2121104-D2FD-4632-8C9A-A6B9FC0326D9}"
EndProject
Project("{9A19103F-16F7-4668-BE54-9A1E7A4F7556}") = "Account.Application", "Account.Application\Account.Application.csproj", "{E8DBC73F-4C1E-4FD6-9867-1FAD6A3023CD}"
EndProject
Project("{9A19103F-16F7-4668-BE54-9A1E7A4F7556}") = "Account.Domain", "Account.Domain\Account.Domain.csproj", "{B9C86729-D31E-42AE-AD72-F56A8ED8550E}"
EndProject
Project("{9A19103F-16F7-4668-BE54-9A1E7A4F7556}") = "Account.Infrastructure", "Account.Infrastructure\Account.Infrastructure.csproj", "{70D5319F-CCA1-457B-AB13-7B5C327DD6A0}"
EndProject
Project("{FAE04EC0-301F-11D3-BF4B-00C04F79EFBC}") = "Account.API", "Account.API\Account.API.csproj", "{8FDF0522-4CE8-4078-ABF9-BFC3C1F3104F}"
EndProject
Project("{2150E333-8FDC-42A3-9474-1A3956D46DE8}") = "Utils", "Utils", "{5BFC8B23-7AED-4AC2-B67A-6E12EAC703FE}"
EndProject
Project("{9A19103F-16F7-4668-BE54-9A1E7A4F7556}") = "UnitOfWork", "UnitOfWork\UnitOfWork.csproj", "{77FD4F7E-3170-4CAE-817D-D87065CC585F}"
EndProject
Project("{9A19103F-16F7-4668-BE54-9A1E7A4F7556}") = "Utils", "Utils\Utils.csproj", "{7DBB18B9-2401-4643-9F1B-4A6A31CB0EA9}"
EndProject
Project("{2150E333-8FDC-42A3-9474-1A3956D46DE8}") = "Album", "Album", "{9B9954DE-0C01-4E7B-807C-E23B63845445}"
EndProject
Project("{FAE04EC0-301F-11D3-BF4B-00C04F79EFBC}") = "Album.API", "Album.API\Album.API.csproj", "{D63C20EB-2908-443F-B637-C7A80170EADF}"
EndProject
Project("{9A19103F-16F7-4668-BE54-9A1E7A4F7556}") = "Album.Application", "Album.Application\Album.Application.csproj", "{015859FC-EB2D-499B-83F1-B65D0FB754A7}"
EndProject
Project("{9A19103F-16F7-4668-BE54-9A1E7A4F7556}") = "Album.Domain", "Album.Domain\Album.Domain.csproj", "{13624E03-7F06-4F79-AAE3-97A8F7578931}"
EndProject
Project("{9A19103F-16F7-4668-BE54-9A1E7A4F7556}") = "Album.Infrastructure", "Album.Infrastructure\Album.Infrastructure.csproj", "{9DFBD370-D557-48D4-9A0E-8C8BF2A5BD6A}"
EndProject
Global
	GlobalSection(SolutionConfigurationPlatforms) = preSolution
		Debug|Any CPU = Debug|Any CPU
		Release|Any CPU = Release|Any CPU
	EndGlobalSection
	GlobalSection(ProjectConfigurationPlatforms) = postSolution
		{E8DBC73F-4C1E-4FD6-9867-1FAD6A3023CD}.Debug|Any CPU.ActiveCfg = Debug|Any CPU
		{E8DBC73F-4C1E-4FD6-9867-1FAD6A3023CD}.Debug|Any CPU.Build.0 = Debug|Any CPU
		{E8DBC73F-4C1E-4FD6-9867-1FAD6A3023CD}.Release|Any CPU.ActiveCfg = Release|Any CPU
		{E8DBC73F-4C1E-4FD6-9867-1FAD6A3023CD}.Release|Any CPU.Build.0 = Release|Any CPU
		{B9C86729-D31E-42AE-AD72-F56A8ED8550E}.Debug|Any CPU.ActiveCfg = Debug|Any CPU
		{B9C86729-D31E-42AE-AD72-F56A8ED8550E}.Debug|Any CPU.Build.0 = Debug|Any CPU
		{B9C86729-D31E-42AE-AD72-F56A8ED8550E}.Release|Any CPU.ActiveCfg = Release|Any CPU
		{B9C86729-D31E-42AE-AD72-F56A8ED8550E}.Release|Any CPU.Build.0 = Release|Any CPU
		{70D5319F-CCA1-457B-AB13-7B5C327DD6A0}.Debug|Any CPU.ActiveCfg = Debug|Any CPU
		{70D5319F-CCA1-457B-AB13-7B5C327DD6A0}.Debug|Any CPU.Build.0 = Debug|Any CPU
		{70D5319F-CCA1-457B-AB13-7B5C327DD6A0}.Release|Any CPU.ActiveCfg = Release|Any CPU
		{70D5319F-CCA1-457B-AB13-7B5C327DD6A0}.Release|Any CPU.Build.0 = Release|Any CPU
		{8FDF0522-4CE8-4078-ABF9-BFC3C1F3104F}.Debug|Any CPU.ActiveCfg = Debug|Any CPU
		{8FDF0522-4CE8-4078-ABF9-BFC3C1F3104F}.Debug|Any CPU.Build.0 = Debug|Any CPU
		{8FDF0522-4CE8-4078-ABF9-BFC3C1F3104F}.Release|Any CPU.ActiveCfg = Release|Any CPU
		{8FDF0522-4CE8-4078-ABF9-BFC3C1F3104F}.Release|Any CPU.Build.0 = Release|Any CPU
		{77FD4F7E-3170-4CAE-817D-D87065CC585F}.Debug|Any CPU.ActiveCfg = Debug|Any CPU
		{77FD4F7E-3170-4CAE-817D-D87065CC585F}.Debug|Any CPU.Build.0 = Debug|Any CPU
		{77FD4F7E-3170-4CAE-817D-D87065CC585F}.Release|Any CPU.ActiveCfg = Release|Any CPU
		{77FD4F7E-3170-4CAE-817D-D87065CC585F}.Release|Any CPU.Build.0 = Release|Any CPU
		{7DBB18B9-2401-4643-9F1B-4A6A31CB0EA9}.Debug|Any CPU.ActiveCfg = Debug|Any CPU
		{7DBB18B9-2401-4643-9F1B-4A6A31CB0EA9}.Debug|Any CPU.Build.0 = Debug|Any CPU
		{7DBB18B9-2401-4643-9F1B-4A6A31CB0EA9}.Release|Any CPU.ActiveCfg = Release|Any CPU
		{7DBB18B9-2401-4643-9F1B-4A6A31CB0EA9}.Release|Any CPU.Build.0 = Release|Any CPU
		{D63C20EB-2908-443F-B637-C7A80170EADF}.Debug|Any CPU.ActiveCfg = Debug|Any CPU
		{D63C20EB-2908-443F-B637-C7A80170EADF}.Debug|Any CPU.Build.0 = Debug|Any CPU
		{D63C20EB-2908-443F-B637-C7A80170EADF}.Release|Any CPU.ActiveCfg = Release|Any CPU
		{D63C20EB-2908-443F-B637-C7A80170EADF}.Release|Any CPU.Build.0 = Release|Any CPU
		{015859FC-EB2D-499B-83F1-B65D0FB754A7}.Debug|Any CPU.ActiveCfg = Debug|Any CPU
		{015859FC-EB2D-499B-83F1-B65D0FB754A7}.Debug|Any CPU.Build.0 = Debug|Any CPU
		{015859FC-EB2D-499B-83F1-B65D0FB754A7}.Release|Any CPU.ActiveCfg = Release|Any CPU
		{015859FC-EB2D-499B-83F1-B65D0FB754A7}.Release|Any CPU.Build.0 = Release|Any CPU
		{13624E03-7F06-4F79-AAE3-97A8F7578931}.Debug|Any CPU.ActiveCfg = Debug|Any CPU
		{13624E03-7F06-4F79-AAE3-97A8F7578931}.Debug|Any CPU.Build.0 = Debug|Any CPU
		{13624E03-7F06-4F79-AAE3-97A8F7578931}.Release|Any CPU.ActiveCfg = Release|Any CPU
		{13624E03-7F06-4F79-AAE3-97A8F7578931}.Release|Any CPU.Build.0 = Release|Any CPU
		{9DFBD370-D557-48D4-9A0E-8C8BF2A5BD6A}.Debug|Any CPU.ActiveCfg = Debug|Any CPU
		{9DFBD370-D557-48D4-9A0E-8C8BF2A5BD6A}.Debug|Any CPU.Build.0 = Debug|Any CPU
		{9DFBD370-D557-48D4-9A0E-8C8BF2A5BD6A}.Release|Any CPU.ActiveCfg = Release|Any CPU
		{9DFBD370-D557-48D4-9A0E-8C8BF2A5BD6A}.Release|Any CPU.Build.0 = Release|Any CPU
	EndGlobalSection
	GlobalSection(SolutionProperties) = preSolution
		HideSolutionNode = FALSE
	EndGlobalSection
	GlobalSection(NestedProjects) = preSolution
		{E8DBC73F-4C1E-4FD6-9867-1FAD6A3023CD} = {A2121104-D2FD-4632-8C9A-A6B9FC0326D9}
		{B9C86729-D31E-42AE-AD72-F56A8ED8550E} = {A2121104-D2FD-4632-8C9A-A6B9FC0326D9}
		{70D5319F-CCA1-457B-AB13-7B5C327DD6A0} = {A2121104-D2FD-4632-8C9A-A6B9FC0326D9}
		{8FDF0522-4CE8-4078-ABF9-BFC3C1F3104F} = {A2121104-D2FD-4632-8C9A-A6B9FC0326D9}
		{77FD4F7E-3170-4CAE-817D-D87065CC585F} = {5BFC8B23-7AED-4AC2-B67A-6E12EAC703FE}
		{7DBB18B9-2401-4643-9F1B-4A6A31CB0EA9} = {5BFC8B23-7AED-4AC2-B67A-6E12EAC703FE}
		{D63C20EB-2908-443F-B637-C7A80170EADF} = {9B9954DE-0C01-4E7B-807C-E23B63845445}
		{015859FC-EB2D-499B-83F1-B65D0FB754A7} = {9B9954DE-0C01-4E7B-807C-E23B63845445}
		{13624E03-7F06-4F79-AAE3-97A8F7578931} = {9B9954DE-0C01-4E7B-807C-E23B63845445}
		{9DFBD370-D557-48D4-9A0E-8C8BF2A5BD6A} = {9B9954DE-0C01-4E7B-807C-E23B63845445}
	EndGlobalSection
	GlobalSection(ExtensibilityGlobals) = postSolution
		SolutionGuid = {421B8923-8D4A-4E01-8AF5-D5A106A6F907}
	EndGlobalSection
EndGlobal
